github.com/c9s/goprocinfo v0.0.0-20141128113501-e719a3c171b2 h1:RSVy2YnhtKB+ZpgG9Bmn1R3fnLA4B8Kw/u2xtjuqkxc=
github.com/c9s/goprocinfo v0.0.0-20141128113501-e719a3c171b2/go.mod h1:uEyr4WpAH4hio6LFriaPkL938XnrvLpNPmQHBdrmbIE=
github.com/deniswernert/go-fstab v0.0.0-20141204152952-eb4090f26517 h1:YMvaGdOIUowdD6ZybqLsUamGvWONZViUeW6T22U7fP0=
github.com/deniswernert/go-fstab v0.0.0-20141204152952-eb4090f26517/go.mod h1:ixLGX4GUQg44igA/iJawr+KYZLyWOoAzAgTCQcJ/K9Y=
github.com/segmentio/go-log v1.9.0 h1:1dhZF9aIsQG3sK2To2l41bWcipIqPa+mXMEvc0Yx9zk=
github.com/segmentio/go-log v1.9.0/go.mod h1:OaWNxWOTRpA/fIXTfr2FmimINNi+0MyArbeI1FLjOkY=
github.com/statsd/client v0.2.0 h1:49psFVxhJyFioTdX+cZUgq++sT8Rr9EBmBmlNUR161U=
github.com/statsd/client v0.2.0/go.mod h1:JOTpbI2aoG6EcTGG0OqCOs2JKUB/MRv8LhNwVXMPu00=
github.com/statsd/client-interface v0.0.0-20140909221041-d354afbbdb2b h1:roBsfyylCInl9m6YrKX1lgk1trGJSdqpZ/AVMpEoSfE=
github.com/statsd/client-interface v0.0.0-20140909221041-d354afbbdb2b/go.mod h1:t9B0pYbEC7s1j9FN7M69aEPZV0H3YMkjasoXYC0d7WY=
github.com/statsd/client-namespace v0.0.0-20140910145947-25f6849d71a7 h1:gKQ+CHIDgtECSvHVGdZd65ZXdLg48rMx7eiuie21K7g=
github.com/statsd/client-namespace v0.0.0-20140910145947-25f6849d71a7/go.mod h1:vIic/gbNL3sbZP/GGmC3P72KBRErnKrHmuYid58S3Ss=
github.com/statsd/system v0.2.0 h1:pPDvnCWJWkOS9cZsIrH/UvNfTIPRisDc91cYYiM6OOM=
github.com/statsd/system v0.2.0/go.mod h1:eXfOrbVkZQsAFrUEEpXVn/c5ukuJPsBquYl3dAepwP4=
github.com/tj/docopt v1.0.0 h1:echGqiJYxqwI1PQAppd8PrBM2e6E4G46NQugrTpL/wU=
github.com/tj/docopt v1.0.0/go.mod h1:UWdJekySvYOgmpTJtkPaWS4fvSKYba+U6+E2iKJCV/I=
github.com/tj/go-gracefully v0.0.0-20141227061038-005c1d102f1b h1:EjOGYW5FYZMUVtXjWl01EY359uYLfzTcOkxuNTcKZYc=
github.com/tj/go-gracefully v0.0.0-20141227061038-005c1d102f1b/go.mod h1:uqlTeGUUfRdQvlQGkv+DYe3lLST3DionEwMA9YAYibY=
github.com/visionmedia/go-debug v0.0.0-20180109164601-bfacf9d8a444 h1:omAc9LPzvfCMXi9UuEB9gbnSVXvz3Bft2zlKZn5Ww7Y=
github.com/visionmedia/go-debug v0.0.0-20180109164601-bfacf9d8a444/go.mod h1:7f/NuZ7w/RrrDGVKvezeak02MX7QbLs4Njo/I+GPxe0=
